
Microsoft Visual Studio Solution File, Format Version 12.00
# Visual Studio Version 17
VisualStudioVersion = 17.0.31903.59
MinimumVisualStudioVersion = 10.0.40219.1
Project("{9A19103F-16F7-4668-BE54-9A1E7A4F7556}") = "EbayNet", "ebay\EbayNet.csproj", "{DDFDA7CB-813C-45D2-8001-CB784CB29878}"
EndProject
Project("{9A19103F-16F7-4668-BE54-9A1E7A4F7556}") = "ebay.tests", "ebay.tests\ebay.tests.csproj", "{807CA8F5-AF80-4EE2-A864-6869346AD1C7}"
EndProject
Global
	GlobalSection(SolutionConfigurationPlatforms) = preSolution
		Debug|Any CPU = Debug|Any CPU
		Release|Any CPU = Release|Any CPU
	EndGlobalSection
	GlobalSection(ProjectConfigurationPlatforms) = postSolution
		{DDFDA7CB-813C-45D2-8001-CB784CB29878}.Debug|Any CPU.ActiveCfg = Debug|Any CPU
		{DDFDA7CB-813C-45D2-8001-CB784CB29878}.Debug|Any CPU.Build.0 = Debug|Any CPU
		{DDFDA7CB-813C-45D2-8001-CB784CB29878}.Release|Any CPU.ActiveCfg = Release|Any CPU
		{DDFDA7CB-813C-45D2-8001-CB784CB29878}.Release|Any CPU.Build.0 = Release|Any CPU
		{807CA8F5-AF80-4EE2-A864-6869346AD1C7}.Debug|Any CPU.ActiveCfg = Debug|Any CPU
		{807CA8F5-AF80-4EE2-A864-6869346AD1C7}.Debug|Any CPU.Build.0 = Debug|Any CPU
		{807CA8F5-AF80-4EE2-A864-6869346AD1C7}.Release|Any CPU.ActiveCfg = Release|Any CPU
		{807CA8F5-AF80-4EE2-A864-6869346AD1C7}.Release|Any CPU.Build.0 = Release|Any CPU
	EndGlobalSection
	GlobalSection(SolutionProperties) = preSolution
		HideSolutionNode = FALSE
	EndGlobalSection
	GlobalSection(ExtensibilityGlobals) = postSolution
		SolutionGuid = {109DDA8C-1A20-4CE9-A263-024A6BBB69D1}
	EndGlobalSection
EndGlobal
